// !$*UTF8*$!
{
	archiveVersion = 1;
	classes = {
	};
	objectVersion = 56;
	objects = {

/* Begin PBXBuildFile section */
		398D95232B4D287A006608D6 /* WeatherData.swift in Sources */ = {isa = PBXBuildFile; fileRef = 398D95222B4D287A006608D6 /* WeatherData.swift */; };
		398D95252B4D2E58006608D6 /* WeatherModel.swift in Sources */ = {isa = PBXBuildFile; fileRef = 398D95242B4D2E58006608D6 /* WeatherModel.swift */; };
		39B6AFF32B48303D003D2D58 /* AppDelegate.swift in Sources */ = {isa = PBXBuildFile; fileRef = 39B6AFF22B48303D003D2D58 /* AppDelegate.swift */; };
		39B6AFF52B48303D003D2D58 /* SceneDelegate.swift in Sources */ = {isa = PBXBuildFile; fileRef = 39B6AFF42B48303D003D2D58 /* SceneDelegate.swift */; };
		39B6AFF72B48303D003D2D58 /* WeatherViewController.swift in Sources */ = {isa = PBXBuildFile; fileRef = 39B6AFF62B48303D003D2D58 /* WeatherViewController.swift */; };
		39B6AFFA2B48303D003D2D58 /* Main.storyboard in Resources */ = {isa = PBXBuildFile; fileRef = 39B6AFF82B48303D003D2D58 /* Main.storyboard */; };
		39B6AFFC2B48303F003D2D58 /* Assets.xcassets in Resources */ = {isa = PBXBuildFile; fileRef = 39B6AFFB2B48303F003D2D58 /* Assets.xcassets */; };
		39B6AFFF2B48303F003D2D58 /* LaunchScreen.storyboard in Resources */ = {isa = PBXBuildFile; fileRef = 39B6AFFD2B48303F003D2D58 /* LaunchScreen.storyboard */; };
		39D7EE0E2B4C1945007E5B12 /* WeatherMgr.swift in Sources */ = {isa = PBXBuildFile; fileRef = 39D7EE0D2B4C1944007E5B12 /* WeatherMgr.swift */; };
/* End PBXBuildFile section */

/* Begin PBXFileReference section */
		398D95222B4D287A006608D6 /* WeatherData.swift */ = {isa = PBXFileReference; lastKnownFileType = sourcecode.swift; path = WeatherData.swift; sourceTree = "<group>"; };
		398D95242B4D2E58006608D6 /* WeatherModel.swift */ = {isa = PBXFileReference; lastKnownFileType = sourcecode.swift; path = WeatherModel.swift; sourceTree = "<group>"; };
		39B6AFEF2B48303D003D2D58 /* WeatherNow.app */ = {isa = PBXFileReference; explicitFileType = wrapper.application; includeInIndex = 0; path = WeatherNow.app; sourceTree = BUILT_PRODUCTS_DIR; };
		39B6AFF22B48303D003D2D58 /* AppDelegate.swift */ = {isa = PBXFileReference; lastKnownFileType = sourcecode.swift; path = AppDelegate.swift; sourceTree = "<group>"; };
		39B6AFF42B48303D003D2D58 /* SceneDelegate.swift */ = {isa = PBXFileReference; lastKnownFileType = sourcecode.swift; path = SceneDelegate.swift; sourceTree = "<group>"; };
		39B6AFF62B48303D003D2D58 /* WeatherViewController.swift */ = {isa = PBXFileReference; lastKnownFileType = sourcecode.swift; path = WeatherViewController.swift; sourceTree = "<group>"; };
		39B6AFF92B48303D003D2D58 /* Base */ = {isa = PBXFileReference; lastKnownFileType = file.storyboard; name = Base; path = Base.lproj/Main.storyboard; sourceTree = "<group>"; };
		39B6AFFB2B48303F003D2D58 /* Assets.xcassets */ = {isa = PBXFileReference; lastKnownFileType = folder.assetcatalog; path = Assets.xcassets; sourceTree = "<group>"; };
		39B6AFFE2B48303F003D2D58 /* Base */ = {isa = PBXFileReference; lastKnownFileType = file.storyboard; name = Base; path = Base.lproj/LaunchScreen.storyboard; sourceTree = "<group>"; };
		39B6B0002B48303F003D2D58 /* Info.plist */ = {isa = PBXFileReference; lastKnownFileType = text.plist.xml; path = Info.plist; sourceTree = "<group>"; };
		39D7EE0D2B4C1944007E5B12 /* WeatherMgr.swift */ = {isa = PBXFileReference; lastKnownFileType = sourcecode.swift; path = WeatherMgr.swift; sourceTree = "<group>"; };
/* End PBXFileReference section */

/* Begin PBXFrameworksBuildPhase section */
		39B6AFEC2B48303D003D2D58 /* Frameworks */ = {
			isa = PBXFrameworksBuildPhase;
			buildActionMask = 2147483647;
			files = (
			);
			runOnlyForDeploymentPostprocessing = 0;
		};
/* End PBXFrameworksBuildPhase section */

/* Begin PBXGroup section */
		39B6AFE62B48303D003D2D58 = {
			isa = PBXGroup;
			children = (
				39B6AFF12B48303D003D2D58 /* WeatherNow */,
				39B6AFF02B48303D003D2D58 /* Products */,
			);
			sourceTree = "<group>";
		};
		39B6AFF02B48303D003D2D58 /* Products */ = {
			isa = PBXGroup;
			children = (
				39B6AFEF2B48303D003D2D58 /* WeatherNow.app */,
			);
			name = Products;
			sourceTree = "<group>";
		};
		39B6AFF12B48303D003D2D58 /* WeatherNow */ = {
			isa = PBXGroup;
			children = (
				39D7EE0C2B4C1919007E5B12 /* Model */,
				39B6AFF22B48303D003D2D58 /* AppDelegate.swift */,
				39B6AFF42B48303D003D2D58 /* SceneDelegate.swift */,
				39D7EE0B2B4C183A007E5B12 /* Controller */,
				39B6AFF82B48303D003D2D58 /* Main.storyboard */,
				39B6AFFB2B48303F003D2D58 /* Assets.xcassets */,
				39B6AFFD2B48303F003D2D58 /* LaunchScreen.storyboard */,
				39B6B0002B48303F003D2D58 /* Info.plist */,
			);
			path = WeatherNow;
			sourceTree = "<group>";
		};
		39D7EE0B2B4C183A007E5B12 /* Controller */ = {
			isa = PBXGroup;
			children = (
				39B6AFF62B48303D003D2D58 /* WeatherViewController.swift */,
			);
			path = Controller;
			sourceTree = "<group>";
		};
		39D7EE0C2B4C1919007E5B12 /* Model */ = {
			isa = PBXGroup;
			children = (
				39D7EE0D2B4C1944007E5B12 /* WeatherMgr.swift */,
				398D95222B4D287A006608D6 /* WeatherData.swift */,
				398D95242B4D2E58006608D6 /* WeatherModel.swift */,
			);
			path = Model;
			sourceTree = "<group>";
		};
/* End PBXGroup section */

/* Begin PBXNativeTarget section */
		39B6AFEE2B48303D003D2D58 /* WeatherNow */ = {
			isa = PBXNativeTarget;
			buildConfigurationList = 39B6B0032B48303F003D2D58 /* Build configuration list for PBXNativeTarget "WeatherNow" */;
			buildPhases = (
				39B6AFEB2B48303D003D2D58 /* Sources */,
				39B6AFEC2B48303D003D2D58 /* Frameworks */,
				39B6AFED2B48303D003D2D58 /* Resources */,
			);
			buildRules = (
			);
			dependencies = (
			);
			name = WeatherNow;
			productName = WeatherNow;
			productReference = 39B6AFEF2B48303D003D2D58 /* WeatherNow.app */;
			productType = "com.apple.product-type.application";
		};
/* End PBXNativeTarget section */

/* Begin PBXProject section */
		39B6AFE72B48303D003D2D58 /* Project object */ = {
			isa = PBXProject;
			attributes = {
				BuildIndependentTargetsInParallel = 1;
				LastSwiftUpdateCheck = 1510;
				LastUpgradeCheck = 1510;
				TargetAttributes = {
					39B6AFEE2B48303D003D2D58 = {
						CreatedOnToolsVersion = 15.1;
					};
				};
			};
			buildConfigurationList = 39B6AFEA2B48303D003D2D58 /* Build configuration list for PBXProject "WeatherNow" */;
			compatibilityVersion = "Xcode 14.0";
			developmentRegion = en;
			hasScannedForEncodings = 0;
			knownRegions = (
				en,
				Base,
			);
			mainGroup = 39B6AFE62B48303D003D2D58;
			productRefGroup = 39B6AFF02B48303D003D2D58 /* Products */;
			projectDirPath = "";
			projectRoot = "";
			targets = (
				39B6AFEE2B48303D003D2D58 /* WeatherNow */,
			);
		};
/* End PBXProject section */

/* Begin PBXResourcesBuildPhase section */
		39B6AFED2B48303D003D2D58 /* Resources */ = {
			isa = PBXResourcesBuildPhase;
			buildActionMask = 2147483647;
			files = (
				39B6AFFF2B48303F003D2D58 /* LaunchScreen.storyboard in Resources */,
				39B6AFFC2B48303F003D2D58 /* Assets.xcassets in Resources */,
				39B6AFFA2B48303D003D2D58 /* Main.storyboard in Resources */,
			);
			runOnlyForDeploymentPostprocessing = 0;
		};
/* End PBXResourcesBuildPhase section */

/* Begin PBXSourcesBuildPhase section */
		39B6AFEB2B48303D003D2D58 /* Sources */ = {
			isa = PBXSourcesBuildPhase;
			buildActionMask = 2147483647;
			files = (
				39B6AFF72B48303D003D2D58 /* WeatherViewController.swift in Sources */,
				398D95232B4D287A006608D6 /* WeatherData.swift in Sources */,
				39D7EE0E2B4C1945007E5B12 /* WeatherMgr.swift in Sources */,
				39B6AFF32B48303D003D2D58 /* AppDelegate.swift in Sources */,
				398D95252B4D2E58006608D6 /* WeatherModel.swift in Sources */,
				39B6AFF52B48303D003D2D58 /* SceneDelegate.swift in Sources */,
			);
			runOnlyForDeploymentPostprocessing = 0;
		};
/* End PBXSourcesBuildPhase section */

/* Begin PBXVariantGroup section */
		39B6AFF82B48303D003D2D58 /* Main.storyboard */ = {
			isa = PBXVariantGroup;
			children = (
				39B6AFF92B48303D003D2D58 /* Base */,
			);
			name = Main.storyboard;
			sourceTree = "<group>";
		};
		39B6AFFD2B48303F003D2D58 /* LaunchScreen.storyboard */ = {
			isa = PBXVariantGroup;
			children = (
				39B6AFFE2B48303F003D2D58 /* Base */,
			);
			name = LaunchScreen.storyboard;
			sourceTree = "<group>";
		};
/* End PBXVariantGroup section */

/* Begin XCBuildConfiguration section */
		39B6B0012B48303F003D2D58 /* Debug */ = {
			isa = XCBuildConfiguration;
			buildSettings = {
				ALWAYS_SEARCH_USER_PATHS = NO;
				ASSETCATALOG_COMPILER_GENERATE_SWIFT_ASSET_SYMBOL_EXTENSIONS = YES;
				CLANG_ANALYZER_NONNULL = YES;
				CLANG_ANALYZER_NUMBER_OBJECT_CONVERSION = YES_AGGRESSIVE;
				CLANG_CXX_LANGUAGE_STANDARD = "gnu++20";
				CLANG_ENABLE_MODULES = YES;
				CLANG_ENABLE_OBJC_ARC = YES;
				CLANG_ENABLE_OBJC_WEAK = YES;
				CLANG_WARN_BLOCK_CAPTURE_AUTORELEASING = YES;
				CLANG_WARN_BOOL_CONVERSION = YES;
				CLANG_WARN_COMMA = YES;
				CLANG_WARN_CONSTANT_CONVERSION = YES;
				CLANG_WARN_DEPRECATED_OBJC_IMPLEMENTATIONS = YES;
				CLANG_WARN_DIRECT_OBJC_ISA_USAGE = YES_ERROR;
				CLANG_WARN_DOCUMENTATION_COMMENTS = YES;
				CLANG_WARN_EMPTY_BODY = YES;
				CLANG_WARN_ENUM_CONVERSION = YES;
				CLANG_WARN_INFINITE_RECURSION = YES;
				CLANG_WARN_INT_CONVERSION = YES;
				CLANG_WARN_NON_LITERAL_NULL_CONVERSION = YES;
				CLANG_WARN_OBJC_IMPLICIT_RETAIN_SELF = YES;
				CLANG_WARN_OBJC_LITERAL_CONVERSION = YES;
				CLANG_WARN_OBJC_ROOT_CLASS = YES_ERROR;
				CLANG_WARN_QUOTED_INCLUDE_IN_FRAMEWORK_HEADER = YES;
				CLANG_WARN_RANGE_LOOP_ANALYSIS = YES;
				CLANG_WARN_STRICT_PROTOTYPES = YES;
				CLANG_WARN_SUSPICIOUS_MOVE = YES;
				CLANG_WARN_UNGUARDED_AVAILABILITY = YES_AGGRESSIVE;
				CLANG_WARN_UNREACHABLE_CODE = YES;
				CLANG_WARN__DUPLICATE_METHOD_MATCH = YES;
				COPY_PHASE_STRIP = NO;
				DEBUG_INFORMATION_FORMAT = dwarf;
				ENABLE_STRICT_OBJC_MSGSEND = YES;
				ENABLE_TESTABILITY = YES;
				ENABLE_USER_SCRIPT_SANDBOXING = YES;
				GCC_C_LANGUAGE_STANDARD = gnu17;
				GCC_DYNAMIC_NO_PIC = NO;
				GCC_NO_COMMON_BLOCKS = YES;
				GCC_OPTIMIZATION_LEVEL = 0;
				GCC_PREPROCESSOR_DEFINITIONS = (
					"DEBUG=1",
					"$(inherited)",
				);
				GCC_WARN_64_TO_32_BIT_CONVERSION = YES;
				GCC_WARN_ABOUT_RETURN_TYPE = YES_ERROR;
				GCC_WARN_UNDECLARED_SELECTOR = YES;
				GCC_WARN_UNINITIALIZED_AUTOS = YES_AGGRESSIVE;
				GCC_WARN_UNUSED_FUNCTION = YES;
				GCC_WARN_UNUSED_VARIABLE = YES;
				IPHONEOS_DEPLOYMENT_TARGET = 17.2;
				LOCALIZATION_PREFERS_STRING_CATALOGS = YES;
				MTL_ENABLE_DEBUG_INFO = INCLUDE_SOURCE;
				MTL_FAST_MATH = YES;
				ONLY_ACTIVE_ARCH = YES;
				SDKROOT = iphoneos;
				SWIFT_ACTIVE_COMPILATION_CONDITIONS = "DEBUG $(inherited)";
				SWIFT_OPTIMIZATION_LEVEL = "-Onone";
			};
			name = Debug;
		};
		39B6B0022B48303F003D2D58 /* Release */ = {
			isa = XCBuildConfiguration;
			buildSettings = {
				ALWAYS_SEARCH_USER_PATHS = NO;
				ASSETCATALOG_COMPILER_GENERATE_SWIFT_ASSET_SYMBOL_EXTENSIONS = YES;
				CLANG_ANALYZER_NONNULL = YES;
				CLANG_ANALYZER_NUMBER_OBJECT_CONVERSION = YES_AGGRESSIVE;
				CLANG_CXX_LANGUAGE_STANDARD = "gnu++20";
				CLANG_ENABLE_MODULES = YES;
				CLANG_ENABLE_OBJC_ARC = YES;
				CLANG_ENABLE_OBJC_WEAK = YES;
				CLANG_WARN_BLOCK_CAPTURE_AUTORELEASING = YES;
				CLANG_WARN_BOOL_CONVERSION = YES;
				CLANG_WARN_COMMA = YES;
				CLANG_WARN_CONSTANT_CONVERSION = YES;
				CLANG_WARN_DEPRECATED_OBJC_IMPLEMENTATIONS = YES;
				CLANG_WARN_DIRECT_OBJC_ISA_USAGE = YES_ERROR;
				CLANG_WARN_DOCUMENTATION_COMMENTS = YES;
				CLANG_WARN_EMPTY_BODY = YES;
				CLANG_WARN_ENUM_CONVERSION = YES;
				CLANG_WARN_INFINITE_RECURSION = YES;
				CLANG_WARN_INT_CONVERSION = YES;
				CLANG_WARN_NON_LITERAL_NULL_CONVERSION = YES;
				CLANG_WARN_OBJC_IMPLICIT_RETAIN_SELF = YES;
				CLANG_WARN_OBJC_LITERAL_CONVERSION = YES;
				CLANG_WARN_OBJC_ROOT_CLASS = YES_ERROR;
				CLANG_WARN_QUOTED_INCLUDE_IN_FRAMEWORK_HEADER = YES;
				CLANG_WARN_RANGE_LOOP_ANALYSIS = YES;
				CLANG_WARN_STRICT_PROTOTYPES = YES;
				CLANG_WARN_SUSPICIOUS_MOVE = YES;
				CLANG_WARN_UNGUARDED_AVAILABILITY = YES_AGGRESSIVE;
				CLANG_WARN_UNREACHABLE_CODE = YES;
				CLANG_WARN__DUPLICATE_METHOD_MATCH = YES;
				COPY_PHASE_STRIP = NO;
				DEBUG_INFORMATION_FORMAT = "dwarf-with-dsym";
				ENABLE_NS_ASSERTIONS = NO;
				ENABLE_STRICT_OBJC_MSGSEND = YES;
				ENABLE_USER_SCRIPT_SANDBOXING = YES;
				GCC_C_LANGUAGE_STANDARD = gnu17;
				GCC_NO_COMMON_BLOCKS = YES;
				GCC_WARN_64_TO_32_BIT_CONVERSION = YES;
				GCC_WARN_ABOUT_RETURN_TYPE = YES_ERROR;
				GCC_WARN_UNDECLARED_SELECTOR = YES;
				GCC_WARN_UNINITIALIZED_AUTOS = YES_AGGRESSIVE;
				GCC_WARN_UNUSED_FUNCTION = YES;
				GCC_WARN_UNUSED_VARIABLE = YES;
				IPHONEOS_DEPLOYMENT_TARGET = 17.2;
				LOCALIZATION_PREFERS_STRING_CATALOGS = YES;
				MTL_ENABLE_DEBUG_INFO = NO;
				MTL_FAST_MATH = YES;
				SDKROOT = iphoneos;
				SWIFT_COMPILATION_MODE = wholemodule;
				VALIDATE_PRODUCT = YES;
			};
			name = Release;
		};
		39B6B0042B48303F003D2D58 /* Debug */ = {
			isa = XCBuildConfiguration;
			buildSettings = {
				ASSETCATALOG_COMPILER_APPICON_NAME = AppIcon;
				ASSETCATALOG_COMPILER_GLOBAL_ACCENT_COLOR_NAME = AccentColor;
				CODE_SIGN_STYLE = Automatic;
				CURRENT_PROJECT_VERSION = 1;
				DEVELOPMENT_TEAM = X6ZTF2U978;
				GENERATE_INFOPLIST_FILE = YES;
				INFOPLIST_FILE = WeatherNow/Info.plist;
				INFOPLIST_KEY_LSApplicationCategoryType = "public.app-category.weather";
				INFOPLIST_KEY_UIApplicationSupportsIndirectInputEvents = YES;
				INFOPLIST_KEY_UILaunchStoryboardName = LaunchScreen;
				INFOPLIST_KEY_UIMainStoryboardFile = Main;
				INFOPLIST_KEY_UISupportedInterfaceOrientations_iPad = "UIInterfaceOrientationPortrait UIInterfaceOrientationPortraitUpsideDown UIInterfaceOrientationLandscapeLeft UIInterfaceOrientationLandscapeRight";
				INFOPLIST_KEY_UISupportedInterfaceOrientations_iPhone = "UIInterfaceOrientationPortrait UIInterfaceOrientationLandscapeLeft UIInterfaceOrientationLandscapeRight";
				IPHONEOS_DEPLOYMENT_TARGET = 17.0;
				LD_RUNPATH_SEARCH_PATHS = (
					"$(inherited)",
					"@executable_path/Frameworks",
				);
				MARKETING_VERSION = 1.0;
				PRODUCT_BUNDLE_IDENTIFIER = com.laurijl.WeatherNow;
				PRODUCT_NAME = "$(TARGET_NAME)";
				SWIFT_EMIT_LOC_STRINGS = YES;
				SWIFT_VERSION = 5.0;
				TARGETED_DEVICE_FAMILY = "1,2";
			};
			name = Debug;
		};
		39B6B0052B48303F003D2D58 /* Release */ = {
			isa = XCBuildConfiguration;
			buildSettings = {
				ASSETCATALOG_COMPILER_APPICON_NAME = AppIcon;
				ASSETCATALOG_COMPILER_GLOBAL_ACCENT_COLOR_NAME = AccentColor;
				CODE_SIGN_STYLE = Automatic;
				CURRENT_PROJECT_VERSION = 1;
				DEVELOPMENT_TEAM = X6ZTF2U978;
				GENERATE_INFOPLIST_FILE = YES;
				INFOPLIST_FILE = WeatherNow/Info.plist;
				INFOPLIST_KEY_LSApplicationCategoryType = "public.app-category.weather";
				INFOPLIST_KEY_UIApplicationSupportsIndirectInputEvents = YES;
				INFOPLIST_KEY_UILaunchStoryboardName = LaunchScreen;
				INFOPLIST_KEY_UIMainStoryboardFile = Main;
				INFOPLIST_KEY_UISupportedInterfaceOrientations_iPad = "UIInterfaceOrientationPortrait UIInterfaceOrientationPortraitUpsideDown UIInterfaceOrientationLandscapeLeft UIInterfaceOrientationLandscapeRight";
				INFOPLIST_KEY_UISupportedInterfaceOrientations_iPhone = "UIInterfaceOrientationPortrait UIInterfaceOrientationLandscapeLeft UIInterfaceOrientationLandscapeRight";
				IPHONEOS_DEPLOYMENT_TARGET = 17.0;
				LD_RUNPATH_SEARCH_PATHS = (
					"$(inherited)",
					"@executable_path/Frameworks",
				);
				MARKETING_VERSION = 1.0;
				PRODUCT_BUNDLE_IDENTIFIER = com.laurijl.WeatherNow;
				PRODUCT_NAME = "$(TARGET_NAME)";
				SWIFT_EMIT_LOC_STRINGS = YES;
				SWIFT_VERSION = 5.0;
				TARGETED_DEVICE_FAMILY = "1,2";
			};
			name = Release;
		};
/* End XCBuildConfiguration section */

/* Begin XCConfigurationList section */
		39B6AFEA2B48303D003D2D58 /* Build configuration list for PBXProject "WeatherNow" */ = {
			isa = XCConfigurationList;
			buildConfigurations = (
				39B6B0012B48303F003D2D58 /* Debug */,
				39B6B0022B48303F003D2D58 /* Release */,
			);
			defaultConfigurationIsVisible = 0;
			defaultConfigurationName = Release;
		};
		39B6B0032B48303F003D2D58 /* Build configuration list for PBXNativeTarget "WeatherNow" */ = {
			isa = XCConfigurationList;
			buildConfigurations = (
				39B6B0042B48303F003D2D58 /* Debug */,
				39B6B0052B48303F003D2D58 /* Release */,
			);
			defaultConfigurationIsVisible = 0;
			defaultConfigurationName = Release;
		};
/* End XCConfigurationList section */
	};
	rootObject = 39B6AFE72B48303D003D2D58 /* Project object */;
}
